// !$*UTF8*$!
{
	archiveVersion = 1;
	classes = {
	};
	objectVersion = 54;
	objects = {

/* Begin PBXBuildFile section */
		71642BDC2B90A6A80018DBD2 /* MatrixUtils.swift in Sources */ = {isa = PBXBuildFile; fileRef = 71642BB42B90A6A70018DBD2 /* MatrixUtils.swift */; };
		71642BDD2B90A6A80018DBD2 /* Data+compressed.swift in Sources */ = {isa = PBXBuildFile; fileRef = 71642BB62B90A6A70018DBD2 /* Data+compressed.swift */; };
		71642BDE2B90A6A80018DBD2 /* CLLocation+metrics.swift in Sources */ = {isa = PBXBuildFile; fileRef = 71642BB72B90A6A70018DBD2 /* CLLocation+metrics.swift */; };
		71642BDF2B90A6A80018DBD2 /* Float4x4+distance.swift in Sources */ = {isa = PBXBuildFile; fileRef = 71642BB82B90A6A70018DBD2 /* Float4x4+distance.swift */; };
		71642BE02B90A6A80018DBD2 /* FloatingPoint+conversion.swift in Sources */ = {isa = PBXBuildFile; fileRef = 71642BB92B90A6A70018DBD2 /* FloatingPoint+conversion.swift */; };
		71642BE12B90A6A80018DBD2 /* RealityKit+helpers.swift in Sources */ = {isa = PBXBuildFile; fileRef = 71642BBA2B90A6A70018DBD2 /* RealityKit+helpers.swift */; };
		71642BE22B90A6A80018DBD2 /* CLLocation+helpers.swift in Sources */ = {isa = PBXBuildFile; fileRef = 71642BBB2B90A6A70018DBD2 /* CLLocation+helpers.swift */; };
		71642BE32B90A6A80018DBD2 /* SIMD3+angle.swift in Sources */ = {isa = PBXBuildFile; fileRef = 71642BBC2B90A6A70018DBD2 /* SIMD3+angle.swift */; };
		71642BE42B90A6A80018DBD2 /* URLSession+downloadFile.swift in Sources */ = {isa = PBXBuildFile; fileRef = 71642BBD2B90A6A70018DBD2 /* URLSession+downloadFile.swift */; };
		71642BE52B90A6A80018DBD2 /* RealityKit+remote.swift in Sources */ = {isa = PBXBuildFile; fileRef = 71642BBE2B90A6A70018DBD2 /* RealityKit+remote.swift */; };
		71642BE62B90A6A80018DBD2 /* MatrixHelper.swift in Sources */ = {isa = PBXBuildFile; fileRef = 71642BBF2B90A6A70018DBD2 /* MatrixHelper.swift */; };
		71642BE72B90A6A80018DBD2 /* LBARView.swift in Sources */ = {isa = PBXBuildFile; fileRef = 71642BC12B90A6A70018DBD2 /* LBARView.swift */; };
		71642BE82B90A6A80018DBD2 /* LBARViewDelegates.swift in Sources */ = {isa = PBXBuildFile; fileRef = 71642BC22B90A6A70018DBD2 /* LBARViewDelegates.swift */; };
		71642BE92B90A6A80018DBD2 /* LBARView+internalTypes.swift in Sources */ = {isa = PBXBuildFile; fileRef = 71642BC32B90A6A70018DBD2 /* LBARView+internalTypes.swift */; };
		71642BEA2B90A6A80018DBD2 /* LBARView+worldMap.swift in Sources */ = {isa = PBXBuildFile; fileRef = 71642BC42B90A6A70018DBD2 /* LBARView+worldMap.swift */; };
		71642BEB2B90A6A80018DBD2 /* LBARView+configuration.swift in Sources */ = {isa = PBXBuildFile; fileRef = 71642BC52B90A6A70018DBD2 /* LBARView+configuration.swift */; };
		71642BEC2B90A6A80018DBD2 /* LBARView+anchorResolving.swift in Sources */ = {isa = PBXBuildFile; fileRef = 71642BC62B90A6A70018DBD2 /* LBARView+anchorResolving.swift */; };
		71642BED2B90A6A80018DBD2 /* LBARView+trackingStatus.swift in Sources */ = {isa = PBXBuildFile; fileRef = 71642BC72B90A6A70018DBD2 /* LBARView+trackingStatus.swift */; };
		71642BEE2B90A6A80018DBD2 /* LBARView+translations.swift in Sources */ = {isa = PBXBuildFile; fileRef = 71642BC82B90A6A70018DBD2 /* LBARView+translations.swift */; };
		71642BEF2B90A6A80018DBD2 /* LBARView+scaling.swift in Sources */ = {isa = PBXBuildFile; fileRef = 71642BC92B90A6A70018DBD2 /* LBARView+scaling.swift */; };
		71642BF02B90A6A80018DBD2 /* LBARView+locationUpdates.swift in Sources */ = {isa = PBXBuildFile; fileRef = 71642BCA2B90A6A70018DBD2 /* LBARView+locationUpdates.swift */; };
		71642BF12B90A6A80018DBD2 /* AnchorMapIndicator.swift in Sources */ = {isa = PBXBuildFile; fileRef = 71642BCD2B90A6A80018DBD2 /* AnchorMapIndicator.swift */; };
		71642BF22B90A6A80018DBD2 /* LocationAnchorData.swift in Sources */ = {isa = PBXBuildFile; fileRef = 71642BCE2B90A6A80018DBD2 /* LocationAnchorData.swift */; };
		71642BF32B90A6A80018DBD2 /* Placemark.swift in Sources */ = {isa = PBXBuildFile; fileRef = 71642BCF2B90A6A80018DBD2 /* Placemark.swift */; };
		71642BF42B90A6A80018DBD2 /* LocationComponent.swift in Sources */ = {isa = PBXBuildFile; fileRef = 71642BD12B90A6A80018DBD2 /* LocationComponent.swift */; };
		71642BF52B90A6A80018DBD2 /* LBAnchor.swift in Sources */ = {isa = PBXBuildFile; fileRef = 71642BD32B90A6A80018DBD2 /* LBAnchor.swift */; };
		71642BF62B90A6A80018DBD2 /* LocationEntity.swift in Sources */ = {isa = PBXBuildFile; fileRef = 71642BD52B90A6A80018DBD2 /* LocationEntity.swift */; };
		71642BF72B90A6A80018DBD2 /* LocationManagerDelegate.swift in Sources */ = {isa = PBXBuildFile; fileRef = 71642BD72B90A6A80018DBD2 /* LocationManagerDelegate.swift */; };
		71642BF82B90A6A80018DBD2 /* LocationManager.swift in Sources */ = {isa = PBXBuildFile; fileRef = 71642BD82B90A6A80018DBD2 /* LocationManager.swift */; };
		71642BF92B90A6A80018DBD2 /* ARWorldMap+helpers.swift in Sources */ = {isa = PBXBuildFile; fileRef = 71642BDA2B90A6A80018DBD2 /* ARWorldMap+helpers.swift */; };
		71642BFA2B90A6A80018DBD2 /* WorldMapData.swift in Sources */ = {isa = PBXBuildFile; fileRef = 71642BDB2B90A6A80018DBD2 /* WorldMapData.swift */; };
		71642C3B2B90A6BD0018DBD2 /* AnnotationComponent.swift in Sources */ = {isa = PBXBuildFile; fileRef = 71642BFE2B90A6BC0018DBD2 /* AnnotationComponent.swift */; };
		71642C3C2B90A6BD0018DBD2 /* AnnotationEntity.swift in Sources */ = {isa = PBXBuildFile; fileRef = 71642BFF2B90A6BC0018DBD2 /* AnnotationEntity.swift */; };
		71642C3D2B90A6BD0018DBD2 /* AnnotationView.swift in Sources */ = {isa = PBXBuildFile; fileRef = 71642C002B90A6BC0018DBD2 /* AnnotationView.swift */; };
		71642C3E2B90A6BD0018DBD2 /* View+hidden.swift in Sources */ = {isa = PBXBuildFile; fileRef = 71642C022B90A6BC0018DBD2 /* View+hidden.swift */; };
		71642C3F2B90A6BD0018DBD2 /* ARView+meshRay.swift in Sources */ = {isa = PBXBuildFile; fileRef = 71642C032B90A6BC0018DBD2 /* ARView+meshRay.swift */; };
		71642C402B90A6BD0018DBD2 /* Transform+helpers.swift in Sources */ = {isa = PBXBuildFile; fileRef = 71642C042B90A6BC0018DBD2 /* Transform+helpers.swift */; };
		71642C412B90A6BD0018DBD2 /* ModelEntity+simpleModels.swift in Sources */ = {isa = PBXBuildFile; fileRef = 71642C052B90A6BC0018DBD2 /* ModelEntity+simpleModels.swift */; };
		71642C422B90A6BD0018DBD2 /* View+alert.swift in Sources */ = {isa = PBXBuildFile; fileRef = 71642C062B90A6BC0018DBD2 /* View+alert.swift */; };
		71642C432B90A6BD0018DBD2 /* Alert+toSettings.swift in Sources */ = {isa = PBXBuildFile; fileRef = 71642C072B90A6BC0018DBD2 /* Alert+toSettings.swift */; };
		71642C442B90A6BD0018DBD2 /* Color+system.swift in Sources */ = {isa = PBXBuildFile; fileRef = 71642C082B90A6BC0018DBD2 /* Color+system.swift */; };
		71642C452B90A6BD0018DBD2 /* ARView+updateOptions.swift in Sources */ = {isa = PBXBuildFile; fileRef = 71642C092B90A6BC0018DBD2 /* ARView+updateOptions.swift */; };
		71642C462B90A6BD0018DBD2 /* CLLocationCoordinate+description.swift in Sources */ = {isa = PBXBuildFile; fileRef = 71642C0A2B90A6BC0018DBD2 /* CLLocationCoordinate+description.swift */; };
		71642C472B90A6BD0018DBD2 /* UserDefault.swift in Sources */ = {isa = PBXBuildFile; fileRef = 71642C0C2B90A6BC0018DBD2 /* UserDefault.swift */; };
		71642C482B90A6BD0018DBD2 /* LocalData.swift in Sources */ = {isa = PBXBuildFile; fileRef = 71642C0D2B90A6BC0018DBD2 /* LocalData.swift */; };
		71642C492B90A6BD0018DBD2 /* UserDefaultsConfig.swift in Sources */ = {isa = PBXBuildFile; fileRef = 71642C0E2B90A6BC0018DBD2 /* UserDefaultsConfig.swift */; };
		71642C4A2B90A6BD0018DBD2 /* UserDefaults+savabale.swift in Sources */ = {isa = PBXBuildFile; fileRef = 71642C0F2B90A6BC0018DBD2 /* UserDefaults+savabale.swift */; };
		71642C4B2B90A6BD0018DBD2 /* ARSessionManager.swift in Sources */ = {isa = PBXBuildFile; fileRef = 71642C122B90A6BC0018DBD2 /* ARSessionManager.swift */; };
		71642C4C2B90A6BD0018DBD2 /* ARSessionManager+delegates.swift in Sources */ = {isa = PBXBuildFile; fileRef = 71642C132B90A6BC0018DBD2 /* ARSessionManager+delegates.swift */; };
		71642C4D2B90A6BD0018DBD2 /* ARSessionManager+gestures.swift in Sources */ = {isa = PBXBuildFile; fileRef = 71642C142B90A6BD0018DBD2 /* ARSessionManager+gestures.swift */; };
		71642C4E2B90A6BD0018DBD2 /* ARSessionManager+anchorManagement.swift in Sources */ = {isa = PBXBuildFile; fileRef = 71642C152B90A6BD0018DBD2 /* ARSessionManager+anchorManagement.swift */; };
		71642C4F2B90A6BD0018DBD2 /* PlacementSettings.swift in Sources */ = {isa = PBXBuildFile; fileRef = 71642C162B90A6BD0018DBD2 /* PlacementSettings.swift */; };
		71642C502B90A6BD0018DBD2 /* MapViewModel.swift in Sources */ = {isa = PBXBuildFile; fileRef = 71642C172B90A6BD0018DBD2 /* MapViewModel.swift */; };
		71642C512B90A6BD0018DBD2 /* LBSManager.swift in Sources */ = {isa = PBXBuildFile; fileRef = 71642C182B90A6BD0018DBD2 /* LBSManager.swift */; };
		71642C522B90A6BD0018DBD2 /* Model.swift in Sources */ = {isa = PBXBuildFile; fileRef = 71642C1A2B90A6BD0018DBD2 /* Model.swift */; };
		71642C532B90A6BD0018DBD2 /* ModelCategory.swift in Sources */ = {isa = PBXBuildFile; fileRef = 71642C1B2B90A6BD0018DBD2 /* ModelCategory.swift */; };
		71642C542B90A6BD0018DBD2 /* SessionError.swift in Sources */ = {isa = PBXBuildFile; fileRef = 71642C1C2B90A6BD0018DBD2 /* SessionError.swift */; };
		71642C552B90A6BD0018DBD2 /* Settings.swift in Sources */ = {isa = PBXBuildFile; fileRef = 71642C1D2B90A6BD0018DBD2 /* Settings.swift */; };
		71642C562B90A6BD0018DBD2 /* MapLocation.swift in Sources */ = {isa = PBXBuildFile; fileRef = 71642C1E2B90A6BD0018DBD2 /* MapLocation.swift */; };
		71642C572B90A6BD0018DBD2 /* Notification.swift in Sources */ = {isa = PBXBuildFile; fileRef = 71642C1F2B90A6BD0018DBD2 /* Notification.swift */; };
		71642C582B90A6BD0018DBD2 /* TextAlert.swift in Sources */ = {isa = PBXBuildFile; fileRef = 71642C202B90A6BD0018DBD2 /* TextAlert.swift */; };
		71642C592B90A6BD0018DBD2 /* SettingsGrid.swift in Sources */ = {isa = PBXBuildFile; fileRef = 71642C232B90A6BD0018DBD2 /* SettingsGrid.swift */; };
		71642C5A2B90A6BD0018DBD2 /* MapButton.swift in Sources */ = {isa = PBXBuildFile; fileRef = 71642C252B90A6BD0018DBD2 /* MapButton.swift */; };
		71642C5B2B90A6BD0018DBD2 /* BrowseView.swift in Sources */ = {isa = PBXBuildFile; fileRef = 71642C272B90A6BD0018DBD2 /* BrowseView.swift */; };
		71642C5C2B90A6BD0018DBD2 /* PlacementView.swift in Sources */ = {isa = PBXBuildFile; fileRef = 71642C282B90A6BD0018DBD2 /* PlacementView.swift */; };
		71642C5D2B90A6BD0018DBD2 /* HomeView.swift in Sources */ = {isa = PBXBuildFile; fileRef = 71642C292B90A6BD0018DBD2 /* HomeView.swift */; };
		71642C5E2B90A6BD0018DBD2 /* HorizontalGrid.swift in Sources */ = {isa = PBXBuildFile; fileRef = 71642C2B2B90A6BD0018DBD2 /* HorizontalGrid.swift */; };
		71642C5F2B90A6BD0018DBD2 /* SettingsToggleButton.swift in Sources */ = {isa = PBXBuildFile; fileRef = 71642C2D2B90A6BD0018DBD2 /* SettingsToggleButton.swift */; };
		71642C602B90A6BD0018DBD2 /* SystemIconButton.swift in Sources */ = {isa = PBXBuildFile; fileRef = 71642C2E2B90A6BD0018DBD2 /* SystemIconButton.swift */; };
		71642C612B90A6BD0018DBD2 /* ModelItemButton.swift in Sources */ = {isa = PBXBuildFile; fileRef = 71642C2F2B90A6BD0018DBD2 /* ModelItemButton.swift */; };
		71642C622B90A6BD0018DBD2 /* Message.swift in Sources */ = {isa = PBXBuildFile; fileRef = 71642C302B90A6BD0018DBD2 /* Message.swift */; };
		71642C632B90A6BD0018DBD2 /* TextInputAlert.swift in Sources */ = {isa = PBXBuildFile; fileRef = 71642C312B90A6BD0018DBD2 /* TextInputAlert.swift */; };
		71642C642B90A6BD0018DBD2 /* Slider.swift in Sources */ = {isa = PBXBuildFile; fileRef = 71642C322B90A6BD0018DBD2 /* Slider.swift */; };
		71642C652B90A6BD0018DBD2 /* Separator.swift in Sources */ = {isa = PBXBuildFile; fileRef = 71642C332B90A6BD0018DBD2 /* Separator.swift */; };
		71642C662B90A6BD0018DBD2 /* MapView.swift in Sources */ = {isa = PBXBuildFile; fileRef = 71642C352B90A6BD0018DBD2 /* MapView.swift */; };
		71642C672B90A6BD0018DBD2 /* MapContainer.swift in Sources */ = {isa = PBXBuildFile; fileRef = 71642C362B90A6BD0018DBD2 /* MapContainer.swift */; };
		71642C682B90A6BD0018DBD2 /* ARControls.swift in Sources */ = {isa = PBXBuildFile; fileRef = 71642C382B90A6BD0018DBD2 /* ARControls.swift */; };
		71642C692B90A6BD0018DBD2 /* ARViewContainer.swift in Sources */ = {isa = PBXBuildFile; fileRef = 71642C392B90A6BD0018DBD2 /* ARViewContainer.swift */; };
		71642C6A2B90A6BD0018DBD2 /* FocusedARView.swift in Sources */ = {isa = PBXBuildFile; fileRef = 71642C3A2B90A6BD0018DBD2 /* FocusedARView.swift */; };
		9E5EE550265159400026E740 /* toy_car.usdz in Resources */ = {isa = PBXBuildFile; fileRef = 9E5EE54D2651593E0026E740 /* toy_car.usdz */; };
		9E5EE551265159400026E740 /* toy_biplane.usdz in Resources */ = {isa = PBXBuildFile; fileRef = 9E5EE54E2651593F0026E740 /* toy_biplane.usdz */; };
		9E5EE552265159400026E740 /* toy_robot_vintage.usdz in Resources */ = {isa = PBXBuildFile; fileRef = 9E5EE54F265159400026E740 /* toy_robot_vintage.usdz */; };
		9E5EE58B2651D81E0026E740 /* FocusEntity in Frameworks */ = {isa = PBXBuildFile; productRef = 9E5EE58A2651D81E0026E740 /* FocusEntity */; };
		9EBF50F3264EAC9600C5CFEF /* ARCLDemoApp.swift in Sources */ = {isa = PBXBuildFile; fileRef = 9EBF50F2264EAC9600C5CFEF /* ARCLDemoApp.swift */; };
		9EBF50F7264EAC9E00C5CFEF /* Assets.xcassets in Resources */ = {isa = PBXBuildFile; fileRef = 9EBF50F6264EAC9E00C5CFEF /* Assets.xcassets */; };
/* End PBXBuildFile section */

/* Begin PBXFileReference section */
		71642BB42B90A6A70018DBD2 /* MatrixUtils.swift */ = {isa = PBXFileReference; fileEncoding = 4; lastKnownFileType = sourcecode.swift; path = MatrixUtils.swift; sourceTree = "<group>"; };
		71642BB62B90A6A70018DBD2 /* Data+compressed.swift */ = {isa = PBXFileReference; fileEncoding = 4; lastKnownFileType = sourcecode.swift; path = "Data+compressed.swift"; sourceTree = "<group>"; };
		71642BB72B90A6A70018DBD2 /* CLLocation+metrics.swift */ = {isa = PBXFileReference; fileEncoding = 4; lastKnownFileType = sourcecode.swift; path = "CLLocation+metrics.swift"; sourceTree = "<group>"; };
		71642BB82B90A6A70018DBD2 /* Float4x4+distance.swift */ = {isa = PBXFileReference; fileEncoding = 4; lastKnownFileType = sourcecode.swift; path = "Float4x4+distance.swift"; sourceTree = "<group>"; };
		71642BB92B90A6A70018DBD2 /* FloatingPoint+conversion.swift */ = {isa = PBXFileReference; fileEncoding = 4; lastKnownFileType = sourcecode.swift; path = "FloatingPoint+conversion.swift"; sourceTree = "<group>"; };
		71642BBA2B90A6A70018DBD2 /* RealityKit+helpers.swift */ = {isa = PBXFileReference; fileEncoding = 4; lastKnownFileType = sourcecode.swift; path = "RealityKit+helpers.swift"; sourceTree = "<group>"; };
		71642BBB2B90A6A70018DBD2 /* CLLocation+helpers.swift */ = {isa = PBXFileReference; fileEncoding = 4; lastKnownFileType = sourcecode.swift; path = "CLLocation+helpers.swift"; sourceTree = "<group>"; };
		71642BBC2B90A6A70018DBD2 /* SIMD3+angle.swift */ = {isa = PBXFileReference; fileEncoding = 4; lastKnownFileType = sourcecode.swift; path = "SIMD3+angle.swift"; sourceTree = "<group>"; };
		71642BBD2B90A6A70018DBD2 /* URLSession+downloadFile.swift */ = {isa = PBXFileReference; fileEncoding = 4; lastKnownFileType = sourcecode.swift; path = "URLSession+downloadFile.swift"; sourceTree = "<group>"; };
		71642BBE2B90A6A70018DBD2 /* RealityKit+remote.swift */ = {isa = PBXFileReference; fileEncoding = 4; lastKnownFileType = sourcecode.swift; path = "RealityKit+remote.swift"; sourceTree = "<group>"; };
		71642BBF2B90A6A70018DBD2 /* MatrixHelper.swift */ = {isa = PBXFileReference; fileEncoding = 4; lastKnownFileType = sourcecode.swift; path = MatrixHelper.swift; sourceTree = "<group>"; };
		71642BC12B90A6A70018DBD2 /* LBARView.swift */ = {isa = PBXFileReference; fileEncoding = 4; lastKnownFileType = sourcecode.swift; path = LBARView.swift; sourceTree = "<group>"; };
		71642BC22B90A6A70018DBD2 /* LBARViewDelegates.swift */ = {isa = PBXFileReference; fileEncoding = 4; lastKnownFileType = sourcecode.swift; path = LBARViewDelegates.swift; sourceTree = "<group>"; };
		71642BC32B90A6A70018DBD2 /* LBARView+internalTypes.swift */ = {isa = PBXFileReference; fileEncoding = 4; lastKnownFileType = sourcecode.swift; path = "LBARView+internalTypes.swift"; sourceTree = "<group>"; };
		71642BC42B90A6A70018DBD2 /* LBARView+worldMap.swift */ = {isa = PBXFileReference; fileEncoding = 4; lastKnownFileType = sourcecode.swift; path = "LBARView+worldMap.swift"; sourceTree = "<group>"; };
		71642BC52B90A6A70018DBD2 /* LBARView+configuration.swift */ = {isa = PBXFileReference; fileEncoding = 4; lastKnownFileType = sourcecode.swift; path = "LBARView+configuration.swift"; sourceTree = "<group>"; };
		71642BC62B90A6A70018DBD2 /* LBARView+anchorResolving.swift */ = {isa = PBXFileReference; fileEncoding = 4; lastKnownFileType = sourcecode.swift; path = "LBARView+anchorResolving.swift"; sourceTree = "<group>"; };
		71642BC72B90A6A70018DBD2 /* LBARView+trackingStatus.swift */ = {isa = PBXFileReference; fileEncoding = 4; lastKnownFileType = sourcecode.swift; path = "LBARView+trackingStatus.swift"; sourceTree = "<group>"; };
		71642BC82B90A6A70018DBD2 /* LBARView+translations.swift */ = {isa = PBXFileReference; fileEncoding = 4; lastKnownFileType = sourcecode.swift; path = "LBARView+translations.swift"; sourceTree = "<group>"; };
		71642BC92B90A6A70018DBD2 /* LBARView+scaling.swift */ = {isa = PBXFileReference; fileEncoding = 4; lastKnownFileType = sourcecode.swift; path = "LBARView+scaling.swift"; sourceTree = "<group>"; };
		71642BCA2B90A6A70018DBD2 /* LBARView+locationUpdates.swift */ = {isa = PBXFileReference; fileEncoding = 4; lastKnownFileType = sourcecode.swift; path = "LBARView+locationUpdates.swift"; sourceTree = "<group>"; };
		71642BCD2B90A6A80018DBD2 /* AnchorMapIndicator.swift */ = {isa = PBXFileReference; fileEncoding = 4; lastKnownFileType = sourcecode.swift; path = AnchorMapIndicator.swift; sourceTree = "<group>"; };
		71642BCE2B90A6A80018DBD2 /* LocationAnchorData.swift */ = {isa = PBXFileReference; fileEncoding = 4; lastKnownFileType = sourcecode.swift; path = LocationAnchorData.swift; sourceTree = "<group>"; };
		71642BCF2B90A6A80018DBD2 /* Placemark.swift */ = {isa = PBXFileReference; fileEncoding = 4; lastKnownFileType = sourcecode.swift; path = Placemark.swift; sourceTree = "<group>"; };
		71642BD12B90A6A80018DBD2 /* LocationComponent.swift */ = {isa = PBXFileReference; fileEncoding = 4; lastKnownFileType = sourcecode.swift; path = LocationComponent.swift; sourceTree = "<group>"; };
		71642BD32B90A6A80018DBD2 /* LBAnchor.swift */ = {isa = PBXFileReference; fileEncoding = 4; lastKnownFileType = sourcecode.swift; path = LBAnchor.swift; sourceTree = "<group>"; };
		71642BD52B90A6A80018DBD2 /* LocationEntity.swift */ = {isa = PBXFileReference; fileEncoding = 4; lastKnownFileType = sourcecode.swift; path = LocationEntity.swift; sourceTree = "<group>"; };
		71642BD72B90A6A80018DBD2 /* LocationManagerDelegate.swift */ = {isa = PBXFileReference; fileEncoding = 4; lastKnownFileType = sourcecode.swift; path = LocationManagerDelegate.swift; sourceTree = "<group>"; };
		71642BD82B90A6A80018DBD2 /* LocationManager.swift */ = {isa = PBXFileReference; fileEncoding = 4; lastKnownFileType = sourcecode.swift; path = LocationManager.swift; sourceTree = "<group>"; };
		71642BDA2B90A6A80018DBD2 /* ARWorldMap+helpers.swift */ = {isa = PBXFileReference; fileEncoding = 4; lastKnownFileType = sourcecode.swift; path = "ARWorldMap+helpers.swift"; sourceTree = "<group>"; };
		71642BDB2B90A6A80018DBD2 /* WorldMapData.swift */ = {isa = PBXFileReference; fileEncoding = 4; lastKnownFileType = sourcecode.swift; path = WorldMapData.swift; sourceTree = "<group>"; };
		71642BFE2B90A6BC0018DBD2 /* AnnotationComponent.swift */ = {isa = PBXFileReference; fileEncoding = 4; lastKnownFileType = sourcecode.swift; path = AnnotationComponent.swift; sourceTree = "<group>"; };
		71642BFF2B90A6BC0018DBD2 /* AnnotationEntity.swift */ = {isa = PBXFileReference; fileEncoding = 4; lastKnownFileType = sourcecode.swift; path = AnnotationEntity.swift; sourceTree = "<group>"; };
		71642C002B90A6BC0018DBD2 /* AnnotationView.swift */ = {isa = PBXFileReference; fileEncoding = 4; lastKnownFileType = sourcecode.swift; path = AnnotationView.swift; sourceTree = "<group>"; };
		71642C022B90A6BC0018DBD2 /* View+hidden.swift */ = {isa = PBXFileReference; fileEncoding = 4; lastKnownFileType = sourcecode.swift; path = "View+hidden.swift"; sourceTree = "<group>"; };
		71642C032B90A6BC0018DBD2 /* ARView+meshRay.swift */ = {isa = PBXFileReference; fileEncoding = 4; lastKnownFileType = sourcecode.swift; path = "ARView+meshRay.swift"; sourceTree = "<group>"; };
		71642C042B90A6BC0018DBD2 /* Transform+helpers.swift */ = {isa = PBXFileReference; fileEncoding = 4; lastKnownFileType = sourcecode.swift; path = "Transform+helpers.swift"; sourceTree = "<group>"; };
		71642C052B90A6BC0018DBD2 /* ModelEntity+simpleModels.swift */ = {isa = PBXFileReference; fileEncoding = 4; lastKnownFileType = sourcecode.swift; path = "ModelEntity+simpleModels.swift"; sourceTree = "<group>"; };
		71642C062B90A6BC0018DBD2 /* View+alert.swift */ = {isa = PBXFileReference; fileEncoding = 4; lastKnownFileType = sourcecode.swift; path = "View+alert.swift"; sourceTree = "<group>"; };
		71642C072B90A6BC0018DBD2 /* Alert+toSettings.swift */ = {isa = PBXFileReference; fileEncoding = 4; lastKnownFileType = sourcecode.swift; path = "Alert+toSettings.swift"; sourceTree = "<group>"; };
		71642C082B90A6BC0018DBD2 /* Color+system.swift */ = {isa = PBXFileReference; fileEncoding = 4; lastKnownFileType = sourcecode.swift; path = "Color+system.swift"; sourceTree = "<group>"; };
		71642C092B90A6BC0018DBD2 /* ARView+updateOptions.swift */ = {isa = PBXFileReference; fileEncoding = 4; lastKnownFileType = sourcecode.swift; path = "ARView+updateOptions.swift"; sourceTree = "<group>"; };
		71642C0A2B90A6BC0018DBD2 /* CLLocationCoordinate+description.swift */ = {isa = PBXFileReference; fileEncoding = 4; lastKnownFileType = sourcecode.swift; path = "CLLocationCoordinate+description.swift"; sourceTree = "<group>"; };
		71642C0C2B90A6BC0018DBD2 /* UserDefault.swift */ = {isa = PBXFileReference; fileEncoding = 4; lastKnownFileType = sourcecode.swift; path = UserDefault.swift; sourceTree = "<group>"; };
		71642C0D2B90A6BC0018DBD2 /* LocalData.swift */ = {isa = PBXFileReference; fileEncoding = 4; lastKnownFileType = sourcecode.swift; path = LocalData.swift; sourceTree = "<group>"; };
		71642C0E2B90A6BC0018DBD2 /* UserDefaultsConfig.swift */ = {isa = PBXFileReference; fileEncoding = 4; lastKnownFileType = sourcecode.swift; path = UserDefaultsConfig.swift; sourceTree = "<group>"; };
		71642C0F2B90A6BC0018DBD2 /* UserDefaults+savabale.swift */ = {isa = PBXFileReference; fileEncoding = 4; lastKnownFileType = sourcecode.swift; path = "UserDefaults+savabale.swift"; sourceTree = "<group>"; };
		71642C122B90A6BC0018DBD2 /* ARSessionManager.swift */ = {isa = PBXFileReference; fileEncoding = 4; lastKnownFileType = sourcecode.swift; path = ARSessionManager.swift; sourceTree = "<group>"; };
		71642C132B90A6BC0018DBD2 /* ARSessionManager+delegates.swift */ = {isa = PBXFileReference; fileEncoding = 4; lastKnownFileType = sourcecode.swift; path = "ARSessionManager+delegates.swift"; sourceTree = "<group>"; };
		71642C142B90A6BD0018DBD2 /* ARSessionManager+gestures.swift */ = {isa = PBXFileReference; fileEncoding = 4; lastKnownFileType = sourcecode.swift; path = "ARSessionManager+gestures.swift"; sourceTree = "<group>"; };
		71642C152B90A6BD0018DBD2 /* ARSessionManager+anchorManagement.swift */ = {isa = PBXFileReference; fileEncoding = 4; lastKnownFileType = sourcecode.swift; path = "ARSessionManager+anchorManagement.swift"; sourceTree = "<group>"; };
		71642C162B90A6BD0018DBD2 /* PlacementSettings.swift */ = {isa = PBXFileReference; fileEncoding = 4; lastKnownFileType = sourcecode.swift; path = PlacementSettings.swift; sourceTree = "<group>"; };
		71642C172B90A6BD0018DBD2 /* MapViewModel.swift */ = {isa = PBXFileReference; fileEncoding = 4; lastKnownFileType = sourcecode.swift; path = MapViewModel.swift; sourceTree = "<group>"; };
		71642C182B90A6BD0018DBD2 /* LBSManager.swift */ = {isa = PBXFileReference; fileEncoding = 4; lastKnownFileType = sourcecode.swift; path = LBSManager.swift; sourceTree = "<group>"; };
		71642C1A2B90A6BD0018DBD2 /* Model.swift */ = {isa = PBXFileReference; fileEncoding = 4; lastKnownFileType = sourcecode.swift; path = Model.swift; sourceTree = "<group>"; };
		71642C1B2B90A6BD0018DBD2 /* ModelCategory.swift */ = {isa = PBXFileReference; fileEncoding = 4; lastKnownFileType = sourcecode.swift; path = ModelCategory.swift; sourceTree = "<group>"; };
		71642C1C2B90A6BD0018DBD2 /* SessionError.swift */ = {isa = PBXFileReference; fileEncoding = 4; lastKnownFileType = sourcecode.swift; path = SessionError.swift; sourceTree = "<group>"; };
		71642C1D2B90A6BD0018DBD2 /* Settings.swift */ = {isa = PBXFileReference; fileEncoding = 4; lastKnownFileType = sourcecode.swift; path = Settings.swift; sourceTree = "<group>"; };
		71642C1E2B90A6BD0018DBD2 /* MapLocation.swift */ = {isa = PBXFileReference; fileEncoding = 4; lastKnownFileType = sourcecode.swift; path = MapLocation.swift; sourceTree = "<group>"; };
		71642C1F2B90A6BD0018DBD2 /* Notification.swift */ = {isa = PBXFileReference; fileEncoding = 4; lastKnownFileType = sourcecode.swift; path = Notification.swift; sourceTree = "<group>"; };
		71642C202B90A6BD0018DBD2 /* TextAlert.swift */ = {isa = PBXFileReference; fileEncoding = 4; lastKnownFileType = sourcecode.swift; path = TextAlert.swift; sourceTree = "<group>"; };
		71642C232B90A6BD0018DBD2 /* SettingsGrid.swift */ = {isa = PBXFileReference; fileEncoding = 4; lastKnownFileType = sourcecode.swift; path = SettingsGrid.swift; sourceTree = "<group>"; };
		71642C252B90A6BD0018DBD2 /* MapButton.swift */ = {isa = PBXFileReference; fileEncoding = 4; lastKnownFileType = sourcecode.swift; path = MapButton.swift; sourceTree = "<group>"; };
		71642C272B90A6BD0018DBD2 /* BrowseView.swift */ = {isa = PBXFileReference; fileEncoding = 4; lastKnownFileType = sourcecode.swift; path = BrowseView.swift; sourceTree = "<group>"; };
		71642C282B90A6BD0018DBD2 /* PlacementView.swift */ = {isa = PBXFileReference; fileEncoding = 4; lastKnownFileType = sourcecode.swift; path = PlacementView.swift; sourceTree = "<group>"; };
		71642C292B90A6BD0018DBD2 /* HomeView.swift */ = {isa = PBXFileReference; fileEncoding = 4; lastKnownFileType = sourcecode.swift; path = HomeView.swift; sourceTree = "<group>"; };
		71642C2B2B90A6BD0018DBD2 /* HorizontalGrid.swift */ = {isa = PBXFileReference; fileEncoding = 4; lastKnownFileType = sourcecode.swift; path = HorizontalGrid.swift; sourceTree = "<group>"; };
		71642C2D2B90A6BD0018DBD2 /* SettingsToggleButton.swift */ = {isa = PBXFileReference; fileEncoding = 4; lastKnownFileType = sourcecode.swift; path = SettingsToggleButton.swift; sourceTree = "<group>"; };
		71642C2E2B90A6BD0018DBD2 /* SystemIconButton.swift */ = {isa = PBXFileReference; fileEncoding = 4; lastKnownFileType = sourcecode.swift; path = SystemIconButton.swift; sourceTree = "<group>"; };
		71642C2F2B90A6BD0018DBD2 /* ModelItemButton.swift */ = {isa = PBXFileReference; fileEncoding = 4; lastKnownFileType = sourcecode.swift; path = ModelItemButton.swift; sourceTree = "<group>"; };
		71642C302B90A6BD0018DBD2 /* Message.swift */ = {isa = PBXFileReference; fileEncoding = 4; lastKnownFileType = sourcecode.swift; path = Message.swift; sourceTree = "<group>"; };
		71642C312B90A6BD0018DBD2 /* TextInputAlert.swift */ = {isa = PBXFileReference; fileEncoding = 4; lastKnownFileType = sourcecode.swift; path = TextInputAlert.swift; sourceTree = "<group>"; };
		71642C322B90A6BD0018DBD2 /* Slider.swift */ = {isa = PBXFileReference; fileEncoding = 4; lastKnownFileType = sourcecode.swift; path = Slider.swift; sourceTree = "<group>"; };
		71642C332B90A6BD0018DBD2 /* Separator.swift */ = {isa = PBXFileReference; fileEncoding = 4; lastKnownFileType = sourcecode.swift; path = Separator.swift; sourceTree = "<group>"; };
		71642C352B90A6BD0018DBD2 /* MapView.swift */ = {isa = PBXFileReference; fileEncoding = 4; lastKnownFileType = sourcecode.swift; path = MapView.swift; sourceTree = "<group>"; };
		71642C362B90A6BD0018DBD2 /* MapContainer.swift */ = {isa = PBXFileReference; fileEncoding = 4; lastKnownFileType = sourcecode.swift; path = MapContainer.swift; sourceTree = "<group>"; };
		71642C382B90A6BD0018DBD2 /* ARControls.swift */ = {isa = PBXFileReference; fileEncoding = 4; lastKnownFileType = sourcecode.swift; path = ARControls.swift; sourceTree = "<group>"; };
		71642C392B90A6BD0018DBD2 /* ARViewContainer.swift */ = {isa = PBXFileReference; fileEncoding = 4; lastKnownFileType = sourcecode.swift; path = ARViewContainer.swift; sourceTree = "<group>"; };
		71642C3A2B90A6BD0018DBD2 /* FocusedARView.swift */ = {isa = PBXFileReference; fileEncoding = 4; lastKnownFileType = sourcecode.swift; path = FocusedARView.swift; sourceTree = "<group>"; };
		9E5EE54D2651593E0026E740 /* toy_car.usdz */ = {isa = PBXFileReference; lastKnownFileType = file.usdz; path = toy_car.usdz; sourceTree = "<group>"; };
		9E5EE54E2651593F0026E740 /* toy_biplane.usdz */ = {isa = PBXFileReference; lastKnownFileType = file.usdz; path = toy_biplane.usdz; sourceTree = "<group>"; };
		9E5EE54F265159400026E740 /* toy_robot_vintage.usdz */ = {isa = PBXFileReference; lastKnownFileType = file.usdz; path = toy_robot_vintage.usdz; sourceTree = "<group>"; };
		9EBF50EF264EAC9600C5CFEF /* ARCLDemo.app */ = {isa = PBXFileReference; explicitFileType = wrapper.application; includeInIndex = 0; path = ARCLDemo.app; sourceTree = BUILT_PRODUCTS_DIR; };
		9EBF50F2264EAC9600C5CFEF /* ARCLDemoApp.swift */ = {isa = PBXFileReference; lastKnownFileType = sourcecode.swift; path = ARCLDemoApp.swift; sourceTree = "<group>"; };
		9EBF50F6264EAC9E00C5CFEF /* Assets.xcassets */ = {isa = PBXFileReference; lastKnownFileType = folder.assetcatalog; path = Assets.xcassets; sourceTree = "<group>"; };
		9EBF50FB264EAC9E00C5CFEF /* Info.plist */ = {isa = PBXFileReference; lastKnownFileType = text.plist.xml; path = Info.plist; sourceTree = "<group>"; };
/* End PBXFileReference section */

/* Begin PBXFrameworksBuildPhase section */
		9EBF50EC264EAC9600C5CFEF /* Frameworks */ = {
			isa = PBXFrameworksBuildPhase;
			buildActionMask = 2147483647;
			files = (
				9E5EE58B2651D81E0026E740 /* FocusEntity in Frameworks */,
			);
			runOnlyForDeploymentPostprocessing = 0;
		};
/* End PBXFrameworksBuildPhase section */

/* Begin PBXGroup section */
		71642BB12B90A6A70018DBD2 /* Sources */ = {
			isa = PBXGroup;
			children = (
				71642BB22B90A6A70018DBD2 /* LocationBasedAR */,
			);
			path = Sources;
			sourceTree = "<group>";
		};
		71642BB22B90A6A70018DBD2 /* LocationBasedAR */ = {
			isa = PBXGroup;
			children = (
				71642BB32B90A6A70018DBD2 /* Utils */,
				71642BC02B90A6A70018DBD2 /* LocationBasedARView */,
				71642BCB2B90A6A70018DBD2 /* LocationAnchors */,
				71642BD62B90A6A80018DBD2 /* LocationManager */,
				71642BD92B90A6A80018DBD2 /* WorldMap */,
			);
			path = LocationBasedAR;
			sourceTree = "<group>";
		};
		71642BB32B90A6A70018DBD2 /* Utils */ = {
			isa = PBXGroup;
			children = (
				71642BB42B90A6A70018DBD2 /* MatrixUtils.swift */,
				71642BB52B90A6A70018DBD2 /* Extensions */,
				71642BBE2B90A6A70018DBD2 /* RealityKit+remote.swift */,
				71642BBF2B90A6A70018DBD2 /* MatrixHelper.swift */,
			);
			path = Utils;
			sourceTree = "<group>";
		};
		71642BB52B90A6A70018DBD2 /* Extensions */ = {
			isa = PBXGroup;
			children = (
				71642BB62B90A6A70018DBD2 /* Data+compressed.swift */,
				71642BB72B90A6A70018DBD2 /* CLLocation+metrics.swift */,
				71642BB82B90A6A70018DBD2 /* Float4x4+distance.swift */,
				71642BB92B90A6A70018DBD2 /* FloatingPoint+conversion.swift */,
				71642BBA2B90A6A70018DBD2 /* RealityKit+helpers.swift */,
				71642BBB2B90A6A70018DBD2 /* CLLocation+helpers.swift */,
				71642BBC2B90A6A70018DBD2 /* SIMD3+angle.swift */,
				71642BBD2B90A6A70018DBD2 /* URLSession+downloadFile.swift */,
			);
			path = Extensions;
			sourceTree = "<group>";
		};
		71642BC02B90A6A70018DBD2 /* LocationBasedARView */ = {
			isa = PBXGroup;
			children = (
				71642BC12B90A6A70018DBD2 /* LBARView.swift */,
				71642BC22B90A6A70018DBD2 /* LBARViewDelegates.swift */,
				71642BC32B90A6A70018DBD2 /* LBARView+internalTypes.swift */,
				71642BC42B90A6A70018DBD2 /* LBARView+worldMap.swift */,
				71642BC52B90A6A70018DBD2 /* LBARView+configuration.swift */,
				71642BC62B90A6A70018DBD2 /* LBARView+anchorResolving.swift */,
				71642BC72B90A6A70018DBD2 /* LBARView+trackingStatus.swift */,
				71642BC82B90A6A70018DBD2 /* LBARView+translations.swift */,
				71642BC92B90A6A70018DBD2 /* LBARView+scaling.swift */,
				71642BCA2B90A6A70018DBD2 /* LBARView+locationUpdates.swift */,
			);
			path = LocationBasedARView;
			sourceTree = "<group>";
		};
		71642BCB2B90A6A70018DBD2 /* LocationAnchors */ = {
			isa = PBXGroup;
			children = (
				71642BCC2B90A6A80018DBD2 /* LocationData */,
				71642BD02B90A6A80018DBD2 /* Components */,
				71642BD22B90A6A80018DBD2 /* Anchors */,
				71642BD42B90A6A80018DBD2 /* Entities */,
			);
			path = LocationAnchors;
			sourceTree = "<group>";
		};
		71642BCC2B90A6A80018DBD2 /* LocationData */ = {
			isa = PBXGroup;
			children = (
				71642BCD2B90A6A80018DBD2 /* AnchorMapIndicator.swift */,
				71642BCE2B90A6A80018DBD2 /* LocationAnchorData.swift */,
				71642BCF2B90A6A80018DBD2 /* Placemark.swift */,
			);
			path = LocationData;
			sourceTree = "<group>";
		};
		71642BD02B90A6A80018DBD2 /* Components */ = {
			isa = PBXGroup;
			children = (
				71642BD12B90A6A80018DBD2 /* LocationComponent.swift */,
			);
			path = Components;
			sourceTree = "<group>";
		};
		71642BD22B90A6A80018DBD2 /* Anchors */ = {
			isa = PBXGroup;
			children = (
				71642BD32B90A6A80018DBD2 /* LBAnchor.swift */,
			);
			path = Anchors;
			sourceTree = "<group>";
		};
		71642BD42B90A6A80018DBD2 /* Entities */ = {
			isa = PBXGroup;
			children = (
				71642BD52B90A6A80018DBD2 /* LocationEntity.swift */,
			);
			path = Entities;
			sourceTree = "<group>";
		};
		71642BD62B90A6A80018DBD2 /* LocationManager */ = {
			isa = PBXGroup;
			children = (
				71642BD72B90A6A80018DBD2 /* LocationManagerDelegate.swift */,
				71642BD82B90A6A80018DBD2 /* LocationManager.swift */,
			);
			path = LocationManager;
			sourceTree = "<group>";
		};
		71642BD92B90A6A80018DBD2 /* WorldMap */ = {
			isa = PBXGroup;
			children = (
				71642BDA2B90A6A80018DBD2 /* ARWorldMap+helpers.swift */,
				71642BDB2B90A6A80018DBD2 /* WorldMapData.swift */,
			);
			path = WorldMap;
			sourceTree = "<group>";
		};
		71642BFB2B90A6BC0018DBD2 /* App */ = {
			isa = PBXGroup;
			children = (
				71642BFC2B90A6BC0018DBD2 /* Misc */,
				71642C102B90A6BC0018DBD2 /* ViewModels */,
				71642C192B90A6BD0018DBD2 /* Models */,
				71642C212B90A6BD0018DBD2 /* Views */,
			);
			path = App;
			sourceTree = "<group>";
		};
		71642BFC2B90A6BC0018DBD2 /* Misc */ = {
			isa = PBXGroup;
			children = (
				71642BFD2B90A6BC0018DBD2 /* Annotation */,
				71642C012B90A6BC0018DBD2 /* Extensions */,
				71642C0B2B90A6BC0018DBD2 /* Persistence */,
			);
			path = Misc;
			sourceTree = "<group>";
		};
		71642BFD2B90A6BC0018DBD2 /* Annotation */ = {
			isa = PBXGroup;
			children = (
				71642BFE2B90A6BC0018DBD2 /* AnnotationComponent.swift */,
				71642BFF2B90A6BC0018DBD2 /* AnnotationEntity.swift */,
				71642C002B90A6BC0018DBD2 /* AnnotationView.swift */,
			);
			path = Annotation;
			sourceTree = "<group>";
		};
		71642C012B90A6BC0018DBD2 /* Extensions */ = {
			isa = PBXGroup;
			children = (
				71642C022B90A6BC0018DBD2 /* View+hidden.swift */,
				71642C032B90A6BC0018DBD2 /* ARView+meshRay.swift */,
				71642C042B90A6BC0018DBD2 /* Transform+helpers.swift */,
				71642C052B90A6BC0018DBD2 /* ModelEntity+simpleModels.swift */,
				71642C062B90A6BC0018DBD2 /* View+alert.swift */,
				71642C072B90A6BC0018DBD2 /* Alert+toSettings.swift */,
				71642C082B90A6BC0018DBD2 /* Color+system.swift */,
				71642C092B90A6BC0018DBD2 /* ARView+updateOptions.swift */,
				71642C0A2B90A6BC0018DBD2 /* CLLocationCoordinate+description.swift */,
			);
			path = Extensions;
			sourceTree = "<group>";
		};
		71642C0B2B90A6BC0018DBD2 /* Persistence */ = {
			isa = PBXGroup;
			children = (
				71642C0C2B90A6BC0018DBD2 /* UserDefault.swift */,
				71642C0D2B90A6BC0018DBD2 /* LocalData.swift */,
				71642C0E2B90A6BC0018DBD2 /* UserDefaultsConfig.swift */,
				71642C0F2B90A6BC0018DBD2 /* UserDefaults+savabale.swift */,
			);
			path = Persistence;
			sourceTree = "<group>";
		};
		71642C102B90A6BC0018DBD2 /* ViewModels */ = {
			isa = PBXGroup;
			children = (
				71642C112B90A6BC0018DBD2 /* ARSessionManager */,
				71642C162B90A6BD0018DBD2 /* PlacementSettings.swift */,
				71642C172B90A6BD0018DBD2 /* MapViewModel.swift */,
				71642C182B90A6BD0018DBD2 /* LBSManager.swift */,
			);
			path = ViewModels;
			sourceTree = "<group>";
		};
		71642C112B90A6BC0018DBD2 /* ARSessionManager */ = {
			isa = PBXGroup;
			children = (
				71642C122B90A6BC0018DBD2 /* ARSessionManager.swift */,
				71642C132B90A6BC0018DBD2 /* ARSessionManager+delegates.swift */,
				71642C142B90A6BD0018DBD2 /* ARSessionManager+gestures.swift */,
				71642C152B90A6BD0018DBD2 /* ARSessionManager+anchorManagement.swift */,
			);
			path = ARSessionManager;
			sourceTree = "<group>";
		};
		71642C192B90A6BD0018DBD2 /* Models */ = {
			isa = PBXGroup;
			children = (
				71642C1A2B90A6BD0018DBD2 /* Model.swift */,
				71642C1B2B90A6BD0018DBD2 /* ModelCategory.swift */,
				71642C1C2B90A6BD0018DBD2 /* SessionError.swift */,
				71642C1D2B90A6BD0018DBD2 /* Settings.swift */,
				71642C1E2B90A6BD0018DBD2 /* MapLocation.swift */,
				71642C1F2B90A6BD0018DBD2 /* Notification.swift */,
				71642C202B90A6BD0018DBD2 /* TextAlert.swift */,
			);
			path = Models;
			sourceTree = "<group>";
		};
		71642C212B90A6BD0018DBD2 /* Views */ = {
			isa = PBXGroup;
			children = (
				71642C222B90A6BD0018DBD2 /* Settings */,
				71642C242B90A6BD0018DBD2 /* UIStyles */,
				71642C262B90A6BD0018DBD2 /* ModelSelection */,
				71642C292B90A6BD0018DBD2 /* HomeView.swift */,
				71642C2A2B90A6BD0018DBD2 /* UIComponents */,
				71642C342B90A6BD0018DBD2 /* Map */,
				71642C372B90A6BD0018DBD2 /* AR */,
			);
			path = Views;
			sourceTree = "<group>";
		};
		71642C222B90A6BD0018DBD2 /* Settings */ = {
			isa = PBXGroup;
			children = (
				71642C232B90A6BD0018DBD2 /* SettingsGrid.swift */,
			);
			path = Settings;
			sourceTree = "<group>";
		};
		71642C242B90A6BD0018DBD2 /* UIStyles */ = {
			isa = PBXGroup;
			children = (
				71642C252B90A6BD0018DBD2 /* MapButton.swift */,
			);
			path = UIStyles;
			sourceTree = "<group>";
		};
		71642C262B90A6BD0018DBD2 /* ModelSelection */ = {
			isa = PBXGroup;
			children = (
				71642C272B90A6BD0018DBD2 /* BrowseView.swift */,
				71642C282B90A6BD0018DBD2 /* PlacementView.swift */,
			);
			path = ModelSelection;
			sourceTree = "<group>";
		};
		71642C2A2B90A6BD0018DBD2 /* UIComponents */ = {
			isa = PBXGroup;
			children = (
				71642C2B2B90A6BD0018DBD2 /* HorizontalGrid.swift */,
				71642C2C2B90A6BD0018DBD2 /* Buttons */,
				71642C302B90A6BD0018DBD2 /* Message.swift */,
				71642C312B90A6BD0018DBD2 /* TextInputAlert.swift */,
				71642C322B90A6BD0018DBD2 /* Slider.swift */,
				71642C332B90A6BD0018DBD2 /* Separator.swift */,
			);
			path = UIComponents;
			sourceTree = "<group>";
		};
		71642C2C2B90A6BD0018DBD2 /* Buttons */ = {
			isa = PBXGroup;
			children = (
				71642C2D2B90A6BD0018DBD2 /* SettingsToggleButton.swift */,
				71642C2E2B90A6BD0018DBD2 /* SystemIconButton.swift */,
				71642C2F2B90A6BD0018DBD2 /* ModelItemButton.swift */,
			);
			path = Buttons;
			sourceTree = "<group>";
		};
		71642C342B90A6BD0018DBD2 /* Map */ = {
			isa = PBXGroup;
			children = (
				71642C352B90A6BD0018DBD2 /* MapView.swift */,
				71642C362B90A6BD0018DBD2 /* MapContainer.swift */,
			);
			path = Map;
			sourceTree = "<group>";
		};
		71642C372B90A6BD0018DBD2 /* AR */ = {
			isa = PBXGroup;
			children = (
				71642C382B90A6BD0018DBD2 /* ARControls.swift */,
				71642C392B90A6BD0018DBD2 /* ARViewContainer.swift */,
				71642C3A2B90A6BD0018DBD2 /* FocusedARView.swift */,
			);
			path = AR;
			sourceTree = "<group>";
		};
		9E5EE544265158BA0026E740 /* USDZAssets */ = {
			isa = PBXGroup;
			children = (
				9E5EE54E2651593F0026E740 /* toy_biplane.usdz */,
				9E5EE54D2651593E0026E740 /* toy_car.usdz */,
				9E5EE54F265159400026E740 /* toy_robot_vintage.usdz */,
			);
			path = USDZAssets;
			sourceTree = "<group>";
		};
		9E7C79B026662FAF001DAAF1 /* Frameworks */ = {
			isa = PBXGroup;
			children = (
			);
			name = Frameworks;
			sourceTree = "<group>";
		};
		9EBF50E6264EAC9500C5CFEF = {
			isa = PBXGroup;
			children = (
				9EBF50F1264EAC9600C5CFEF /* ARCLDemo */,
				9EBF50F0264EAC9600C5CFEF /* Products */,
				9E7C79B026662FAF001DAAF1 /* Frameworks */,
			);
			sourceTree = "<group>";
		};
		9EBF50F0264EAC9600C5CFEF /* Products */ = {
			isa = PBXGroup;
			children = (
				9EBF50EF264EAC9600C5CFEF /* ARCLDemo.app */,
			);
			name = Products;
			sourceTree = "<group>";
		};
		9EBF50F1264EAC9600C5CFEF /* ARCLDemo */ = {
			isa = PBXGroup;
			children = (
				71642BFB2B90A6BC0018DBD2 /* App */,
				71642BB12B90A6A70018DBD2 /* Sources */,
				9EBF50F2264EAC9600C5CFEF /* ARCLDemoApp.swift */,
				9EBF50FB264EAC9E00C5CFEF /* Info.plist */,
				9EBF50F6264EAC9E00C5CFEF /* Assets.xcassets */,
				9E5EE544265158BA0026E740 /* USDZAssets */,
			);
			path = ARCLDemo;
			sourceTree = "<group>";
		};
/* End PBXGroup section */

/* Begin PBXNativeTarget section */
		9EBF50EE264EAC9600C5CFEF /* ARCLDemo */ = {
			isa = PBXNativeTarget;
			buildConfigurationList = 9EBF50FE264EAC9E00C5CFEF /* Build configuration list for PBXNativeTarget "ARCLDemo" */;
			buildPhases = (
				9EBF50EB264EAC9600C5CFEF /* Sources */,
				9EBF50EC264EAC9600C5CFEF /* Frameworks */,
				9EBF50ED264EAC9600C5CFEF /* Resources */,
			);
			buildRules = (
			);
			dependencies = (
			);
			name = ARCLDemo;
			packageProductDependencies = (
				9E5EE58A2651D81E0026E740 /* FocusEntity */,
			);
			productName = ARCLDemo;
			productReference = 9EBF50EF264EAC9600C5CFEF /* ARCLDemo.app */;
			productType = "com.apple.product-type.application";
		};
/* End PBXNativeTarget section */

/* Begin PBXProject section */
		9EBF50E7264EAC9500C5CFEF /* Project object */ = {
			isa = PBXProject;
			attributes = {
				LastSwiftUpdateCheck = 1240;
				LastUpgradeCheck = 1240;
				TargetAttributes = {
					9EBF50EE264EAC9600C5CFEF = {
						CreatedOnToolsVersion = 12.4;
					};
				};
			};
			buildConfigurationList = 9EBF50EA264EAC9500C5CFEF /* Build configuration list for PBXProject "ARCLDemo" */;
			compatibilityVersion = "Xcode 9.3";
			developmentRegion = en;
			hasScannedForEncodings = 0;
			knownRegions = (
				en,
				Base,
			);
			mainGroup = 9EBF50E6264EAC9500C5CFEF;
			packageReferences = (
				9E5EE5892651D81D0026E740 /* XCRemoteSwiftPackageReference "FocusEntity" */,
			);
			productRefGroup = 9EBF50F0264EAC9600C5CFEF /* Products */;
			projectDirPath = "";
			projectRoot = "";
			targets = (
				9EBF50EE264EAC9600C5CFEF /* ARCLDemo */,
			);
		};
/* End PBXProject section */

/* Begin PBXResourcesBuildPhase section */
		9EBF50ED264EAC9600C5CFEF /* Resources */ = {
			isa = PBXResourcesBuildPhase;
			buildActionMask = 2147483647;
			files = (
				9E5EE552265159400026E740 /* toy_robot_vintage.usdz in Resources */,
				9E5EE551265159400026E740 /* toy_biplane.usdz in Resources */,
				9EBF50F7264EAC9E00C5CFEF /* Assets.xcassets in Resources */,
				9E5EE550265159400026E740 /* toy_car.usdz in Resources */,
			);
			runOnlyForDeploymentPostprocessing = 0;
		};
/* End PBXResourcesBuildPhase section */

/* Begin PBXSourcesBuildPhase section */
		9EBF50EB264EAC9600C5CFEF /* Sources */ = {
			isa = PBXSourcesBuildPhase;
			buildActionMask = 2147483647;
			files = (
				71642BED2B90A6A80018DBD2 /* LBARView+trackingStatus.swift in Sources */,
				71642BE02B90A6A80018DBD2 /* FloatingPoint+conversion.swift in Sources */,
				71642C442B90A6BD0018DBD2 /* Color+system.swift in Sources */,
				71642BF52B90A6A80018DBD2 /* LBAnchor.swift in Sources */,
				71642C5A2B90A6BD0018DBD2 /* MapButton.swift in Sources */,
				71642C4D2B90A6BD0018DBD2 /* ARSessionManager+gestures.swift in Sources */,
				71642C3F2B90A6BD0018DBD2 /* ARView+meshRay.swift in Sources */,
				71642BE12B90A6A80018DBD2 /* RealityKit+helpers.swift in Sources */,
				71642C522B90A6BD0018DBD2 /* Model.swift in Sources */,
				71642C3B2B90A6BD0018DBD2 /* AnnotationComponent.swift in Sources */,
				71642C582B90A6BD0018DBD2 /* TextAlert.swift in Sources */,
				71642BDF2B90A6A80018DBD2 /* Float4x4+distance.swift in Sources */,
				71642C3E2B90A6BD0018DBD2 /* View+hidden.swift in Sources */,
				71642BF62B90A6A80018DBD2 /* LocationEntity.swift in Sources */,
				71642C4C2B90A6BD0018DBD2 /* ARSessionManager+delegates.swift in Sources */,
				71642C672B90A6BD0018DBD2 /* MapContainer.swift in Sources */,
				71642C432B90A6BD0018DBD2 /* Alert+toSettings.swift in Sources */,
				71642BF72B90A6A80018DBD2 /* LocationManagerDelegate.swift in Sources */,
				9EBF50F3264EAC9600C5CFEF /* ARCLDemoApp.swift in Sources */,
				71642BE52B90A6A80018DBD2 /* RealityKit+remote.swift in Sources */,
				71642BF02B90A6A80018DBD2 /* LBARView+locationUpdates.swift in Sources */,
				71642BEF2B90A6A80018DBD2 /* LBARView+scaling.swift in Sources */,
				71642C622B90A6BD0018DBD2 /* Message.swift in Sources */,
				71642C412B90A6BD0018DBD2 /* ModelEntity+simpleModels.swift in Sources */,
				71642C512B90A6BD0018DBD2 /* LBSManager.swift in Sources */,
				71642C4E2B90A6BD0018DBD2 /* ARSessionManager+anchorManagement.swift in Sources */,
				71642C612B90A6BD0018DBD2 /* ModelItemButton.swift in Sources */,
				71642BEE2B90A6A80018DBD2 /* LBARView+translations.swift in Sources */,
				71642BEB2B90A6A80018DBD2 /* LBARView+configuration.swift in Sources */,
				71642C5C2B90A6BD0018DBD2 /* PlacementView.swift in Sources */,
				71642C692B90A6BD0018DBD2 /* ARViewContainer.swift in Sources */,
				71642BF32B90A6A80018DBD2 /* Placemark.swift in Sources */,
				71642BF82B90A6A80018DBD2 /* LocationManager.swift in Sources */,
				71642BDE2B90A6A80018DBD2 /* CLLocation+metrics.swift in Sources */,
				71642C452B90A6BD0018DBD2 /* ARView+updateOptions.swift in Sources */,
				71642C682B90A6BD0018DBD2 /* ARControls.swift in Sources */,
				71642C572B90A6BD0018DBD2 /* Notification.swift in Sources */,
				71642C3D2B90A6BD0018DBD2 /* AnnotationView.swift in Sources */,
				71642C462B90A6BD0018DBD2 /* CLLocationCoordinate+description.swift in Sources */,
				71642C5D2B90A6BD0018DBD2 /* HomeView.swift in Sources */,
				71642C552B90A6BD0018DBD2 /* Settings.swift in Sources */,
				71642C562B90A6BD0018DBD2 /* MapLocation.swift in Sources */,
				71642BF42B90A6A80018DBD2 /* LocationComponent.swift in Sources */,
				71642BF12B90A6A80018DBD2 /* AnchorMapIndicator.swift in Sources */,
				71642BEA2B90A6A80018DBD2 /* LBARView+worldMap.swift in Sources */,
				71642C642B90A6BD0018DBD2 /* Slider.swift in Sources */,
				71642BE82B90A6A80018DBD2 /* LBARViewDelegates.swift in Sources */,
				71642C4F2B90A6BD0018DBD2 /* PlacementSettings.swift in Sources */,
				71642C532B90A6BD0018DBD2 /* ModelCategory.swift in Sources */,
				71642C482B90A6BD0018DBD2 /* LocalData.swift in Sources */,
				71642C652B90A6BD0018DBD2 /* Separator.swift in Sources */,
				71642C422B90A6BD0018DBD2 /* View+alert.swift in Sources */,
				71642BE22B90A6A80018DBD2 /* CLLocation+helpers.swift in Sources */,
				71642BDC2B90A6A80018DBD2 /* MatrixUtils.swift in Sources */,
				71642C472B90A6BD0018DBD2 /* UserDefault.swift in Sources */,
				71642BDD2B90A6A80018DBD2 /* Data+compressed.swift in Sources */,
				71642C662B90A6BD0018DBD2 /* MapView.swift in Sources */,
				71642BEC2B90A6A80018DBD2 /* LBARView+anchorResolving.swift in Sources */,
				71642C3C2B90A6BD0018DBD2 /* AnnotationEntity.swift in Sources */,
				71642BF22B90A6A80018DBD2 /* LocationAnchorData.swift in Sources */,
				71642BE72B90A6A80018DBD2 /* LBARView.swift in Sources */,
				71642C5F2B90A6BD0018DBD2 /* SettingsToggleButton.swift in Sources */,
				71642C4A2B90A6BD0018DBD2 /* UserDefaults+savabale.swift in Sources */,
				71642C602B90A6BD0018DBD2 /* SystemIconButton.swift in Sources */,
				71642BE42B90A6A80018DBD2 /* URLSession+downloadFile.swift in Sources */,
				71642BF92B90A6A80018DBD2 /* ARWorldMap+helpers.swift in Sources */,
				71642BE92B90A6A80018DBD2 /* LBARView+internalTypes.swift in Sources */,
				71642C4B2B90A6BD0018DBD2 /* ARSessionManager.swift in Sources */,
				71642C402B90A6BD0018DBD2 /* Transform+helpers.swift in Sources */,
				71642C6A2B90A6BD0018DBD2 /* FocusedARView.swift in Sources */,
				71642C5E2B90A6BD0018DBD2 /* HorizontalGrid.swift in Sources */,
				71642C5B2B90A6BD0018DBD2 /* BrowseView.swift in Sources */,
				71642C492B90A6BD0018DBD2 /* UserDefaultsConfig.swift in Sources */,
				71642BE62B90A6A80018DBD2 /* MatrixHelper.swift in Sources */,
				71642C592B90A6BD0018DBD2 /* SettingsGrid.swift in Sources */,
				71642BFA2B90A6A80018DBD2 /* WorldMapData.swift in Sources */,
				71642C542B90A6BD0018DBD2 /* SessionError.swift in Sources */,
				71642BE32B90A6A80018DBD2 /* SIMD3+angle.swift in Sources */,
				71642C502B90A6BD0018DBD2 /* MapViewModel.swift in Sources */,
				71642C632B90A6BD0018DBD2 /* TextInputAlert.swift in Sources */,
			);
			runOnlyForDeploymentPostprocessing = 0;
		};
/* End PBXSourcesBuildPhase section */

/* Begin XCBuildConfiguration section */
		9EBF50FC264EAC9E00C5CFEF /* Debug */ = {
			isa = XCBuildConfiguration;
			buildSettings = {
				ALWAYS_SEARCH_USER_PATHS = NO;
				CLANG_ANALYZER_NONNULL = YES;
				CLANG_ANALYZER_NUMBER_OBJECT_CONVERSION = YES_AGGRESSIVE;
				CLANG_CXX_LANGUAGE_STANDARD = "gnu++14";
				CLANG_CXX_LIBRARY = "libc++";
				CLANG_ENABLE_MODULES = YES;
				CLANG_ENABLE_OBJC_ARC = YES;
				CLANG_ENABLE_OBJC_WEAK = YES;
				CLANG_WARN_BLOCK_CAPTURE_AUTORELEASING = YES;
				CLANG_WARN_BOOL_CONVERSION = YES;
				CLANG_WARN_COMMA = YES;
				CLANG_WARN_CONSTANT_CONVERSION = YES;
				CLANG_WARN_DEPRECATED_OBJC_IMPLEMENTATIONS = YES;
				CLANG_WARN_DIRECT_OBJC_ISA_USAGE = YES_ERROR;
				CLANG_WARN_DOCUMENTATION_COMMENTS = YES;
				CLANG_WARN_EMPTY_BODY = YES;
				CLANG_WARN_ENUM_CONVERSION = YES;
				CLANG_WARN_INFINITE_RECURSION = YES;
				CLANG_WARN_INT_CONVERSION = YES;
				CLANG_WARN_NON_LITERAL_NULL_CONVERSION = YES;
				CLANG_WARN_OBJC_IMPLICIT_RETAIN_SELF = YES;
				CLANG_WARN_OBJC_LITERAL_CONVERSION = YES;
				CLANG_WARN_OBJC_ROOT_CLASS = YES_ERROR;
				CLANG_WARN_QUOTED_INCLUDE_IN_FRAMEWORK_HEADER = YES;
				CLANG_WARN_RANGE_LOOP_ANALYSIS = YES;
				CLANG_WARN_STRICT_PROTOTYPES = YES;
				CLANG_WARN_SUSPICIOUS_MOVE = YES;
				CLANG_WARN_UNGUARDED_AVAILABILITY = YES_AGGRESSIVE;
				CLANG_WARN_UNREACHABLE_CODE = YES;
				CLANG_WARN__DUPLICATE_METHOD_MATCH = YES;
				COPY_PHASE_STRIP = NO;
				DEBUG_INFORMATION_FORMAT = dwarf;
				ENABLE_STRICT_OBJC_MSGSEND = YES;
				ENABLE_TESTABILITY = YES;
				GCC_C_LANGUAGE_STANDARD = gnu11;
				GCC_DYNAMIC_NO_PIC = NO;
				GCC_NO_COMMON_BLOCKS = YES;
				GCC_OPTIMIZATION_LEVEL = 0;
				GCC_PREPROCESSOR_DEFINITIONS = (
					"DEBUG=1",
					"$(inherited)",
				);
				GCC_WARN_64_TO_32_BIT_CONVERSION = YES;
				GCC_WARN_ABOUT_RETURN_TYPE = YES_ERROR;
				GCC_WARN_UNDECLARED_SELECTOR = YES;
				GCC_WARN_UNINITIALIZED_AUTOS = YES_AGGRESSIVE;
				GCC_WARN_UNUSED_FUNCTION = YES;
				GCC_WARN_UNUSED_VARIABLE = YES;
				IPHONEOS_DEPLOYMENT_TARGET = 14.4;
				MTL_ENABLE_DEBUG_INFO = INCLUDE_SOURCE;
				MTL_FAST_MATH = YES;
				ONLY_ACTIVE_ARCH = YES;
				SDKROOT = iphoneos;
				SWIFT_ACTIVE_COMPILATION_CONDITIONS = DEBUG;
				SWIFT_OPTIMIZATION_LEVEL = "-Onone";
			};
			name = Debug;
		};
		9EBF50FD264EAC9E00C5CFEF /* Release */ = {
			isa = XCBuildConfiguration;
			buildSettings = {
				ALWAYS_SEARCH_USER_PATHS = NO;
				CLANG_ANALYZER_NONNULL = YES;
				CLANG_ANALYZER_NUMBER_OBJECT_CONVERSION = YES_AGGRESSIVE;
				CLANG_CXX_LANGUAGE_STANDARD = "gnu++14";
				CLANG_CXX_LIBRARY = "libc++";
				CLANG_ENABLE_MODULES = YES;
				CLANG_ENABLE_OBJC_ARC = YES;
				CLANG_ENABLE_OBJC_WEAK = YES;
				CLANG_WARN_BLOCK_CAPTURE_AUTORELEASING = YES;
				CLANG_WARN_BOOL_CONVERSION = YES;
				CLANG_WARN_COMMA = YES;
				CLANG_WARN_CONSTANT_CONVERSION = YES;
				CLANG_WARN_DEPRECATED_OBJC_IMPLEMENTATIONS = YES;
				CLANG_WARN_DIRECT_OBJC_ISA_USAGE = YES_ERROR;
				CLANG_WARN_DOCUMENTATION_COMMENTS = YES;
				CLANG_WARN_EMPTY_BODY = YES;
				CLANG_WARN_ENUM_CONVERSION = YES;
				CLANG_WARN_INFINITE_RECURSION = YES;
				CLANG_WARN_INT_CONVERSION = YES;
				CLANG_WARN_NON_LITERAL_NULL_CONVERSION = YES;
				CLANG_WARN_OBJC_IMPLICIT_RETAIN_SELF = YES;
				CLANG_WARN_OBJC_LITERAL_CONVERSION = YES;
				CLANG_WARN_OBJC_ROOT_CLASS = YES_ERROR;
				CLANG_WARN_QUOTED_INCLUDE_IN_FRAMEWORK_HEADER = YES;
				CLANG_WARN_RANGE_LOOP_ANALYSIS = YES;
				CLANG_WARN_STRICT_PROTOTYPES = YES;
				CLANG_WARN_SUSPICIOUS_MOVE = YES;
				CLANG_WARN_UNGUARDED_AVAILABILITY = YES_AGGRESSIVE;
				CLANG_WARN_UNREACHABLE_CODE = YES;
				CLANG_WARN__DUPLICATE_METHOD_MATCH = YES;
				COPY_PHASE_STRIP = NO;
				DEBUG_INFORMATION_FORMAT = "dwarf-with-dsym";
				ENABLE_NS_ASSERTIONS = NO;
				ENABLE_STRICT_OBJC_MSGSEND = YES;
				GCC_C_LANGUAGE_STANDARD = gnu11;
				GCC_NO_COMMON_BLOCKS = YES;
				GCC_WARN_64_TO_32_BIT_CONVERSION = YES;
				GCC_WARN_ABOUT_RETURN_TYPE = YES_ERROR;
				GCC_WARN_UNDECLARED_SELECTOR = YES;
				GCC_WARN_UNINITIALIZED_AUTOS = YES_AGGRESSIVE;
				GCC_WARN_UNUSED_FUNCTION = YES;
				GCC_WARN_UNUSED_VARIABLE = YES;
				IPHONEOS_DEPLOYMENT_TARGET = 14.4;
				MTL_ENABLE_DEBUG_INFO = NO;
				MTL_FAST_MATH = YES;
				SDKROOT = iphoneos;
				SWIFT_COMPILATION_MODE = wholemodule;
				SWIFT_OPTIMIZATION_LEVEL = "-O";
				VALIDATE_PRODUCT = YES;
			};
			name = Release;
		};
		9EBF50FF264EAC9E00C5CFEF /* Debug */ = {
			isa = XCBuildConfiguration;
			buildSettings = {
				ASSETCATALOG_COMPILER_APPICON_NAME = AppIcon;
				ASSETCATALOG_COMPILER_GLOBAL_ACCENT_COLOR_NAME = AccentColor;
				CODE_SIGN_STYLE = Automatic;
				DEVELOPMENT_TEAM = 5A38FR3D29;
				ENABLE_PREVIEWS = YES;
				INFOPLIST_FILE = ARCLDemo/Info.plist;
				IPHONEOS_DEPLOYMENT_TARGET = 14.0;
				LD_RUNPATH_SEARCH_PATHS = (
					"$(inherited)",
					"@executable_path/Frameworks",
				);
				PRODUCT_BUNDLE_IDENTIFIER = com.Kul.ARCL;
				PRODUCT_NAME = "$(TARGET_NAME)";
				SWIFT_VERSION = 5.0;
				TARGETED_DEVICE_FAMILY = "1,2";
			};
			name = Debug;
		};
		9EBF5100264EAC9E00C5CFEF /* Release */ = {
			isa = XCBuildConfiguration;
			buildSettings = {
				ASSETCATALOG_COMPILER_APPICON_NAME = AppIcon;
				ASSETCATALOG_COMPILER_GLOBAL_ACCENT_COLOR_NAME = AccentColor;
				CODE_SIGN_STYLE = Automatic;
				DEVELOPMENT_TEAM = 5A38FR3D29;
				ENABLE_PREVIEWS = YES;
				INFOPLIST_FILE = ARCLDemo/Info.plist;
				IPHONEOS_DEPLOYMENT_TARGET = 14.0;
				LD_RUNPATH_SEARCH_PATHS = (
					"$(inherited)",
					"@executable_path/Frameworks",
				);
				PRODUCT_BUNDLE_IDENTIFIER = com.Kul.ARCL;
				PRODUCT_NAME = "$(TARGET_NAME)";
				SWIFT_VERSION = 5.0;
				TARGETED_DEVICE_FAMILY = "1,2";
			};
			name = Release;
		};
/* End XCBuildConfiguration section */

/* Begin XCConfigurationList section */
		9EBF50EA264EAC9500C5CFEF /* Build configuration list for PBXProject "ARCLDemo" */ = {
			isa = XCConfigurationList;
			buildConfigurations = (
				9EBF50FC264EAC9E00C5CFEF /* Debug */,
				9EBF50FD264EAC9E00C5CFEF /* Release */,
			);
			defaultConfigurationIsVisible = 0;
			defaultConfigurationName = Release;
		};
		9EBF50FE264EAC9E00C5CFEF /* Build configuration list for PBXNativeTarget "ARCLDemo" */ = {
			isa = XCConfigurationList;
			buildConfigurations = (
				9EBF50FF264EAC9E00C5CFEF /* Debug */,
				9EBF5100264EAC9E00C5CFEF /* Release */,
			);
			defaultConfigurationIsVisible = 0;
			defaultConfigurationName = Release;
		};
/* End XCConfigurationList section */

/* Begin XCRemoteSwiftPackageReference section */
		9E5EE5892651D81D0026E740 /* XCRemoteSwiftPackageReference "FocusEntity" */ = {
			isa = XCRemoteSwiftPackageReference;
			repositoryURL = "https://github.com/maxxfrazer/FocusEntity";
			requirement = {
				kind = upToNextMajorVersion;
				minimumVersion = 2.2.3;
			};
		};
/* End XCRemoteSwiftPackageReference section */

/* Begin XCSwiftPackageProductDependency section */
		9E5EE58A2651D81E0026E740 /* FocusEntity */ = {
			isa = XCSwiftPackageProductDependency;
			package = 9E5EE5892651D81D0026E740 /* XCRemoteSwiftPackageReference "FocusEntity" */;
			productName = FocusEntity;
		};
/* End XCSwiftPackageProductDependency section */
	};
	rootObject = 9EBF50E7264EAC9500C5CFEF /* Project object */;
}
